
Microsoft Visual Studio Solution File, Format Version 12.00
# Visual Studio Version 16
VisualStudioVersion = 16.0.30011.22
MinimumVisualStudioVersion = 10.0.40219.1
Project("{2150E333-8FDC-42A3-9474-1A3956D46DE8}") = "src", "src", "{54F0C5B3-159E-46D0-BEC2-0191F69767D1}"
EndProject
Project("{2150E333-8FDC-42A3-9474-1A3956D46DE8}") = "Solution Items", "Solution Items", "{60015FC4-D65E-48D4-8395-964CD401C8C8}"
	ProjectSection(SolutionItems) = preProject
		README.md = README.md
	EndProjectSection
EndProject
Project("{FAE04EC0-301F-11D3-BF4B-00C04F79EFBC}") = "ITB.CQRS", "src\ITB.CQRS\ITB.CQRS.csproj", "{547774D5-B546-464A-8C49-89D9F5356657}"
EndProject
Global
	GlobalSection(SolutionConfigurationPlatforms) = preSolution
		Debug|Any CPU = Debug|Any CPU
		Release|Any CPU = Release|Any CPU
	EndGlobalSection
	GlobalSection(ProjectConfigurationPlatforms) = postSolution
		{547774D5-B546-464A-8C49-89D9F5356657}.Debug|Any CPU.ActiveCfg = Debug|Any CPU
		{547774D5-B546-464A-8C49-89D9F5356657}.Debug|Any CPU.Build.0 = Debug|Any CPU
		{547774D5-B546-464A-8C49-89D9F5356657}.Release|Any CPU.ActiveCfg = Release|Any CPU
		{547774D5-B546-464A-8C49-89D9F5356657}.Release|Any CPU.Build.0 = Release|Any CPU
	EndGlobalSection
	GlobalSection(SolutionProperties) = preSolution
		HideSolutionNode = FALSE
	EndGlobalSection
	GlobalSection(NestedProjects) = preSolution
		{547774D5-B546-464A-8C49-89D9F5356657} = {54F0C5B3-159E-46D0-BEC2-0191F69767D1}
	EndGlobalSection
	GlobalSection(ExtensibilityGlobals) = postSolution
		SolutionGuid = {3C28D4CB-7F49-40B9-A427-FC3F6B6E093C}
	EndGlobalSection
EndGlobal
